
Microsoft Visual Studio Solution File, Format Version 12.00
# Visual Studio Version 17
VisualStudioVersion = 17.11.35327.3
MinimumVisualStudioVersion = 10.0.40219.1
Project("{8BC9CEB8-8B4A-11D0-8D11-00A0C91BC942}") = "ap_lab_9.2_1", "ap_lab_9.2_1.vcxproj", "{D6CE311C-F24E-4288-B4C0-63B4591E26CD}"
EndProject
Project("{8BC9CEB8-8B4A-11D0-8D11-00A0C91BC942}") = "UnitTest_9.2_1", "..\UnitTest_9.2_1\UnitTest_9.2_1.vcxproj", "{3B34F639-6C86-4E0F-BDC7-8B1313C56D5F}"
EndProject
Global
	GlobalSection(SolutionConfigurationPlatforms) = preSolution
		Debug|x64 = Debug|x64
		Debug|x86 = Debug|x86
		Release|x64 = Release|x64
		Release|x86 = Release|x86
	EndGlobalSection
	GlobalSection(ProjectConfigurationPlatforms) = postSolution
		{D6CE311C-F24E-4288-B4C0-63B4591E26CD}.Debug|x64.ActiveCfg = Debug|x64
		{D6CE311C-F24E-4288-B4C0-63B4591E26CD}.Debug|x64.Build.0 = Debug|x64
		{D6CE311C-F24E-4288-B4C0-63B4591E26CD}.Debug|x86.ActiveCfg = Debug|Win32
		{D6CE311C-F24E-4288-B4C0-63B4591E26CD}.Debug|x86.Build.0 = Debug|Win32
		{D6CE311C-F24E-4288-B4C0-63B4591E26CD}.Release|x64.ActiveCfg = Release|x64
		{D6CE311C-F24E-4288-B4C0-63B4591E26CD}.Release|x64.Build.0 = Release|x64
		{D6CE311C-F24E-4288-B4C0-63B4591E26CD}.Release|x86.ActiveCfg = Release|Win32
		{D6CE311C-F24E-4288-B4C0-63B4591E26CD}.Release|x86.Build.0 = Release|Win32
		{3B34F639-6C86-4E0F-BDC7-8B1313C56D5F}.Debug|x64.ActiveCfg = Debug|x64
		{3B34F639-6C86-4E0F-BDC7-8B1313C56D5F}.Debug|x64.Build.0 = Debug|x64
		{3B34F639-6C86-4E0F-BDC7-8B1313C56D5F}.Debug|x86.ActiveCfg = Debug|Win32
		{3B34F639-6C86-4E0F-BDC7-8B1313C56D5F}.Debug|x86.Build.0 = Debug|Win32
		{3B34F639-6C86-4E0F-BDC7-8B1313C56D5F}.Release|x64.ActiveCfg = Release|x64
		{3B34F639-6C86-4E0F-BDC7-8B1313C56D5F}.Release|x64.Build.0 = Release|x64
		{3B34F639-6C86-4E0F-BDC7-8B1313C56D5F}.Release|x86.ActiveCfg = Release|Win32
		{3B34F639-6C86-4E0F-BDC7-8B1313C56D5F}.Release|x86.Build.0 = Release|Win32
	EndGlobalSection
	GlobalSection(SolutionProperties) = preSolution
		HideSolutionNode = FALSE
	EndGlobalSection
	GlobalSection(ExtensibilityGlobals) = postSolution
		SolutionGuid = {8C935818-9538-40BA-9059-ECD9A7365AD9}
	EndGlobalSection
EndGlobal
